// !$*UTF8*$!
{
	archiveVersion = 1;
	classes = {
	};
	objectVersion = 46;
	objects = {

/* Begin PBXBuildFile section */
		C72B45CB1CFE905F00EC5702 /* ViewController.xib in Resources */ = {isa = PBXBuildFile; fileRef = C72B45CA1CFE905F00EC5702 /* ViewController.xib */; };
		C74496491D34E49700AB41E6 /* MewSwift.swift in Sources */ = {isa = PBXBuildFile; fileRef = C74496481D34E49700AB41E6 /* MewSwift.swift */; };
		C7ADFCF31CFE816100E1CE7E /* Assets.xcassets in Resources */ = {isa = PBXBuildFile; fileRef = C7ADFCF21CFE816100E1CE7E /* Assets.xcassets */; };
		C7ADFCF61CFE816100E1CE7E /* LaunchScreen.storyboard in Resources */ = {isa = PBXBuildFile; fileRef = C7ADFCF41CFE816100E1CE7E /* LaunchScreen.storyboard */; };
		C7ADFD011CFE816100E1CE7E /* GPUDemoTests.m in Sources */ = {isa = PBXBuildFile; fileRef = C7ADFD001CFE816100E1CE7E /* GPUDemoTests.m */; };
		C7E43A651D00325F00AE3B51 /* UIView+Tap.m in Sources */ = {isa = PBXBuildFile; fileRef = C7E43A641D00325F00AE3B51 /* UIView+Tap.m */; };
		C7EC03AB1CFE932700BDC12E /* AppDelegate.m in Sources */ = {isa = PBXBuildFile; fileRef = C7ADFCEA1CFE816100E1CE7E /* AppDelegate.m */; };
		C7EC03AC1CFE932700BDC12E /* ViewController.m in Sources */ = {isa = PBXBuildFile; fileRef = C7ADFCED1CFE816100E1CE7E /* ViewController.m */; };
		C7EC03AF1CFE932700BDC12E /* main.m in Sources */ = {isa = PBXBuildFile; fileRef = C7ADFCE71CFE816100E1CE7E /* main.m */; };
		C7EC03B11CFE933F00BDC12E /* libPods-GPUDemo.a in Frameworks */ = {isa = PBXBuildFile; fileRef = C7EC03B01CFE933F00BDC12E /* libPods-GPUDemo.a */; };
		C7EC03B91CFE946B00BDC12E /* FilterModel.m in Sources */ = {isa = PBXBuildFile; fileRef = C7EC03B51CFE946B00BDC12E /* FilterModel.m */; };
		C7EC03BA1CFE946B00BDC12E /* FilterTableViewCell.m in Sources */ = {isa = PBXBuildFile; fileRef = C7EC03B71CFE946B00BDC12E /* FilterTableViewCell.m */; };
		C7EC03BB1CFE946B00BDC12E /* FilterTableViewCell.xib in Resources */ = {isa = PBXBuildFile; fileRef = C7EC03B81CFE946B00BDC12E /* FilterTableViewCell.xib */; };
		C7EC03BD1CFE963E00BDC12E /* test.jpg in Resources */ = {isa = PBXBuildFile; fileRef = C7EC03BC1CFE963E00BDC12E /* test.jpg */; };
/* End PBXBuildFile section */

/* Begin PBXContainerItemProxy section */
		C7ADFCFD1CFE816100E1CE7E /* PBXContainerItemProxy */ = {
			isa = PBXContainerItemProxy;
			containerPortal = C7ADFCDB1CFE816100E1CE7E /* Project object */;
			proxyType = 1;
			remoteGlobalIDString = C7ADFCE21CFE816100E1CE7E;
			remoteInfo = GPUDemo;
		};
/* End PBXContainerItemProxy section */

/* Begin PBXFileReference section */
		22E68B5799D60A36491E677D /* Pods-GPUDemo.release.xcconfig */ = {isa = PBXFileReference; includeInIndex = 1; lastKnownFileType = text.xcconfig; name = "Pods-GPUDemo.release.xcconfig"; path = "Pods/Target Support Files/Pods-GPUDemo/Pods-GPUDemo.release.xcconfig"; sourceTree = "<group>"; };
		70E3AE355D71F7441DD4F560 /* Pods-GPUDemo.debug.xcconfig */ = {isa = PBXFileReference; includeInIndex = 1; lastKnownFileType = text.xcconfig; name = "Pods-GPUDemo.debug.xcconfig"; path = "Pods/Target Support Files/Pods-GPUDemo/Pods-GPUDemo.debug.xcconfig"; sourceTree = "<group>"; };
		7D715B406A24B4A38041CC6C /* libPods-GPUDemo.a */ = {isa = PBXFileReference; explicitFileType = archive.ar; includeInIndex = 0; path = "libPods-GPUDemo.a"; sourceTree = BUILT_PRODUCTS_DIR; };
		C72B45CA1CFE905F00EC5702 /* ViewController.xib */ = {isa = PBXFileReference; fileEncoding = 4; lastKnownFileType = file.xib; path = ViewController.xib; sourceTree = "<group>"; };
		C74496471D34E49700AB41E6 /* GPUDemo-Bridging-Header.h */ = {isa = PBXFileReference; lastKnownFileType = sourcecode.c.h; path = "GPUDemo-Bridging-Header.h"; sourceTree = "<group>"; };
		C74496481D34E49700AB41E6 /* MewSwift.swift */ = {isa = PBXFileReference; fileEncoding = 4; lastKnownFileType = sourcecode.swift; path = MewSwift.swift; sourceTree = "<group>"; };
		C7ADFCE31CFE816100E1CE7E /* GPUDemo.app */ = {isa = PBXFileReference; explicitFileType = wrapper.application; includeInIndex = 0; path = GPUDemo.app; sourceTree = BUILT_PRODUCTS_DIR; };
		C7ADFCE71CFE816100E1CE7E /* main.m */ = {isa = PBXFileReference; lastKnownFileType = sourcecode.c.objc; path = main.m; sourceTree = "<group>"; };
		C7ADFCE91CFE816100E1CE7E /* AppDelegate.h */ = {isa = PBXFileReference; lastKnownFileType = sourcecode.c.h; path = AppDelegate.h; sourceTree = "<group>"; };
		C7ADFCEA1CFE816100E1CE7E /* AppDelegate.m */ = {isa = PBXFileReference; lastKnownFileType = sourcecode.c.objc; path = AppDelegate.m; sourceTree = "<group>"; };
		C7ADFCEC1CFE816100E1CE7E /* ViewController.h */ = {isa = PBXFileReference; lastKnownFileType = sourcecode.c.h; path = ViewController.h; sourceTree = "<group>"; };
		C7ADFCED1CFE816100E1CE7E /* ViewController.m */ = {isa = PBXFileReference; lastKnownFileType = sourcecode.c.objc; path = ViewController.m; sourceTree = "<group>"; };
		C7ADFCF21CFE816100E1CE7E /* Assets.xcassets */ = {isa = PBXFileReference; lastKnownFileType = folder.assetcatalog; path = Assets.xcassets; sourceTree = "<group>"; };
		C7ADFCF51CFE816100E1CE7E /* Base */ = {isa = PBXFileReference; lastKnownFileType = file.storyboard; name = Base; path = Base.lproj/LaunchScreen.storyboard; sourceTree = "<group>"; };
		C7ADFCF71CFE816100E1CE7E /* Info.plist */ = {isa = PBXFileReference; lastKnownFileType = text.plist.xml; path = Info.plist; sourceTree = "<group>"; };
		C7ADFCFC1CFE816100E1CE7E /* GPUDemoTests.xctest */ = {isa = PBXFileReference; explicitFileType = wrapper.cfbundle; includeInIndex = 0; path = GPUDemoTests.xctest; sourceTree = BUILT_PRODUCTS_DIR; };
		C7ADFD001CFE816100E1CE7E /* GPUDemoTests.m */ = {isa = PBXFileReference; lastKnownFileType = sourcecode.c.objc; path = GPUDemoTests.m; sourceTree = "<group>"; };
		C7ADFD021CFE816100E1CE7E /* Info.plist */ = {isa = PBXFileReference; lastKnownFileType = text.plist.xml; path = Info.plist; sourceTree = "<group>"; };
		C7E43A631D00325F00AE3B51 /* UIView+Tap.h */ = {isa = PBXFileReference; fileEncoding = 4; lastKnownFileType = sourcecode.c.h; path = "UIView+Tap.h"; sourceTree = "<group>"; };
		C7E43A641D00325F00AE3B51 /* UIView+Tap.m */ = {isa = PBXFileReference; fileEncoding = 4; lastKnownFileType = sourcecode.c.objc; path = "UIView+Tap.m"; sourceTree = "<group>"; };
		C7EC03B01CFE933F00BDC12E /* libPods-GPUDemo.a */ = {isa = PBXFileReference; lastKnownFileType = archive.ar; name = "libPods-GPUDemo.a"; path = "../../../Library/Developer/Xcode/DerivedData/GPUDemo-evswcrgyylwwzkfkamladayjfcfb/Build/Products/Debug-iphonesimulator/libPods-GPUDemo.a"; sourceTree = "<group>"; };
		C7EC03B21CFE934400BDC12E /* libGPUImage.a */ = {isa = PBXFileReference; lastKnownFileType = archive.ar; name = libGPUImage.a; path = "../../../Library/Developer/Xcode/DerivedData/GPUDemo-evswcrgyylwwzkfkamladayjfcfb/Build/Products/Debug-iphonesimulator/libGPUImage.a"; sourceTree = "<group>"; };
		C7EC03B41CFE946B00BDC12E /* FilterModel.h */ = {isa = PBXFileReference; fileEncoding = 4; lastKnownFileType = sourcecode.c.h; path = FilterModel.h; sourceTree = "<group>"; };
		C7EC03B51CFE946B00BDC12E /* FilterModel.m */ = {isa = PBXFileReference; fileEncoding = 4; lastKnownFileType = sourcecode.c.objc; path = FilterModel.m; sourceTree = "<group>"; };
		C7EC03B61CFE946B00BDC12E /* FilterTableViewCell.h */ = {isa = PBXFileReference; fileEncoding = 4; lastKnownFileType = sourcecode.c.h; path = FilterTableViewCell.h; sourceTree = "<group>"; };
		C7EC03B71CFE946B00BDC12E /* FilterTableViewCell.m */ = {isa = PBXFileReference; fileEncoding = 4; lastKnownFileType = sourcecode.c.objc; path = FilterTableViewCell.m; sourceTree = "<group>"; };
		C7EC03B81CFE946B00BDC12E /* FilterTableViewCell.xib */ = {isa = PBXFileReference; fileEncoding = 4; lastKnownFileType = file.xib; path = FilterTableViewCell.xib; sourceTree = "<group>"; };
		C7EC03BC1CFE963E00BDC12E /* test.jpg */ = {isa = PBXFileReference; lastKnownFileType = image.jpeg; path = test.jpg; sourceTree = "<group>"; };
/* End PBXFileReference section */

/* Begin PBXFrameworksBuildPhase section */
		C7ADFCE01CFE816100E1CE7E /* Frameworks */ = {
			isa = PBXFrameworksBuildPhase;
			buildActionMask = 2147483647;
			files = (
				C7EC03B11CFE933F00BDC12E /* libPods-GPUDemo.a in Frameworks */,
			);
			runOnlyForDeploymentPostprocessing = 0;
		};
		C7ADFCF91CFE816100E1CE7E /* Frameworks */ = {
			isa = PBXFrameworksBuildPhase;
			buildActionMask = 2147483647;
			files = (
			);
			runOnlyForDeploymentPostprocessing = 0;
		};
/* End PBXFrameworksBuildPhase section */

/* Begin PBXGroup section */
		082B8138CF9C9EAD972E62D1 /* Pods */ = {
			isa = PBXGroup;
			children = (
				70E3AE355D71F7441DD4F560 /* Pods-GPUDemo.debug.xcconfig */,
				22E68B5799D60A36491E677D /* Pods-GPUDemo.release.xcconfig */,
			);
			name = Pods;
			sourceTree = "<group>";
		};
		C74496461D34E45D00AB41E6 /* Swift */ = {
			isa = PBXGroup;
			children = (
				C74496481D34E49700AB41E6 /* MewSwift.swift */,
				C74496471D34E49700AB41E6 /* GPUDemo-Bridging-Header.h */,
			);
			name = Swift;
			sourceTree = "<group>";
		};
		C7ADFCDA1CFE816100E1CE7E = {
			isa = PBXGroup;
			children = (
				C7ADFCE51CFE816100E1CE7E /* GPUDemo */,
				C7ADFCFF1CFE816100E1CE7E /* GPUDemoTests */,
				C7ADFCE41CFE816100E1CE7E /* Products */,
				082B8138CF9C9EAD972E62D1 /* Pods */,
				E45E4D6F0B491F554A0A7F97 /* Frameworks */,
			);
			sourceTree = "<group>";
		};
		C7ADFCE41CFE816100E1CE7E /* Products */ = {
			isa = PBXGroup;
			children = (
				C7ADFCE31CFE816100E1CE7E /* GPUDemo.app */,
				C7ADFCFC1CFE816100E1CE7E /* GPUDemoTests.xctest */,
			);
			name = Products;
			sourceTree = "<group>";
		};
		C7ADFCE51CFE816100E1CE7E /* GPUDemo */ = {
			isa = PBXGroup;
			children = (
				C74496461D34E45D00AB41E6 /* Swift */,
				C7E43A631D00325F00AE3B51 /* UIView+Tap.h */,
				C7E43A641D00325F00AE3B51 /* UIView+Tap.m */,
				C7EC03BC1CFE963E00BDC12E /* test.jpg */,
				C7ADFCE91CFE816100E1CE7E /* AppDelegate.h */,
				C7ADFCEA1CFE816100E1CE7E /* AppDelegate.m */,
				C7ADFCEC1CFE816100E1CE7E /* ViewController.h */,
				C7ADFCED1CFE816100E1CE7E /* ViewController.m */,
				C72B45CA1CFE905F00EC5702 /* ViewController.xib */,
				C7EC03B41CFE946B00BDC12E /* FilterModel.h */,
				C7EC03B51CFE946B00BDC12E /* FilterModel.m */,
				C7EC03B61CFE946B00BDC12E /* FilterTableViewCell.h */,
				C7EC03B71CFE946B00BDC12E /* FilterTableViewCell.m */,
				C7EC03B81CFE946B00BDC12E /* FilterTableViewCell.xib */,
				C7ADFCF21CFE816100E1CE7E /* Assets.xcassets */,
				C7ADFCF41CFE816100E1CE7E /* LaunchScreen.storyboard */,
				C7ADFCF71CFE816100E1CE7E /* Info.plist */,
				C7ADFCE61CFE816100E1CE7E /* Supporting Files */,
			);
			path = GPUDemo;
			sourceTree = "<group>";
		};
		C7ADFCE61CFE816100E1CE7E /* Supporting Files */ = {
			isa = PBXGroup;
			children = (
				C7ADFCE71CFE816100E1CE7E /* main.m */,
			);
			name = "Supporting Files";
			sourceTree = "<group>";
		};
		C7ADFCFF1CFE816100E1CE7E /* GPUDemoTests */ = {
			isa = PBXGroup;
			children = (
				C7ADFD001CFE816100E1CE7E /* GPUDemoTests.m */,
				C7ADFD021CFE816100E1CE7E /* Info.plist */,
			);
			path = GPUDemoTests;
			sourceTree = "<group>";
		};
		E45E4D6F0B491F554A0A7F97 /* Frameworks */ = {
			isa = PBXGroup;
			children = (
				C7EC03B21CFE934400BDC12E /* libGPUImage.a */,
				C7EC03B01CFE933F00BDC12E /* libPods-GPUDemo.a */,
				7D715B406A24B4A38041CC6C /* libPods-GPUDemo.a */,
			);
			name = Frameworks;
			sourceTree = "<group>";
		};
/* End PBXGroup section */

/* Begin PBXNativeTarget section */
		C7ADFCE21CFE816100E1CE7E /* GPUDemo */ = {
			isa = PBXNativeTarget;
			buildConfigurationList = C7ADFD051CFE816100E1CE7E /* Build configuration list for PBXNativeTarget "GPUDemo" */;
			buildPhases = (
				DA4BB2DCFB6C455D854D12E5 /* Check Pods Manifest.lock */,
				C7ADFCDF1CFE816100E1CE7E /* Sources */,
				C7ADFCE01CFE816100E1CE7E /* Frameworks */,
				C7ADFCE11CFE816100E1CE7E /* Resources */,
				83A7EF46F508DBCCF99DF83D /* Embed Pods Frameworks */,
				DCB159200781AE5B04CC600E /* Copy Pods Resources */,
			);
			buildRules = (
			);
			dependencies = (
			);
			name = GPUDemo;
			productName = GPUDemo;
			productReference = C7ADFCE31CFE816100E1CE7E /* GPUDemo.app */;
			productType = "com.apple.product-type.application";
		};
		C7ADFCFB1CFE816100E1CE7E /* GPUDemoTests */ = {
			isa = PBXNativeTarget;
			buildConfigurationList = C7ADFD081CFE816100E1CE7E /* Build configuration list for PBXNativeTarget "GPUDemoTests" */;
			buildPhases = (
				C7ADFCF81CFE816100E1CE7E /* Sources */,
				C7ADFCF91CFE816100E1CE7E /* Frameworks */,
				C7ADFCFA1CFE816100E1CE7E /* Resources */,
			);
			buildRules = (
			);
			dependencies = (
				C7ADFCFE1CFE816100E1CE7E /* PBXTargetDependency */,
			);
			name = GPUDemoTests;
			productName = GPUDemoTests;
			productReference = C7ADFCFC1CFE816100E1CE7E /* GPUDemoTests.xctest */;
			productType = "com.apple.product-type.bundle.unit-test";
		};
/* End PBXNativeTarget section */

/* Begin PBXProject section */
		C7ADFCDB1CFE816100E1CE7E /* Project object */ = {
			isa = PBXProject;
			attributes = {
				LastUpgradeCheck = 0730;
				ORGANIZATIONNAME = Darcy;
				TargetAttributes = {
					C7ADFCE21CFE816100E1CE7E = {
						CreatedOnToolsVersion = 7.3;
					};
					C7ADFCFB1CFE816100E1CE7E = {
						CreatedOnToolsVersion = 7.3;
						TestTargetID = C7ADFCE21CFE816100E1CE7E;
					};
				};
			};
			buildConfigurationList = C7ADFCDE1CFE816100E1CE7E /* Build configuration list for PBXProject "GPUDemo" */;
			compatibilityVersion = "Xcode 3.2";
			developmentRegion = English;
			hasScannedForEncodings = 0;
			knownRegions = (
				en,
				Base,
			);
			mainGroup = C7ADFCDA1CFE816100E1CE7E;
			productRefGroup = C7ADFCE41CFE816100E1CE7E /* Products */;
			projectDirPath = "";
			projectRoot = "";
			targets = (
				C7ADFCE21CFE816100E1CE7E /* GPUDemo */,
				C7ADFCFB1CFE816100E1CE7E /* GPUDemoTests */,
			);
		};
/* End PBXProject section */

/* Begin PBXResourcesBuildPhase section */
		C7ADFCE11CFE816100E1CE7E /* Resources */ = {
			isa = PBXResourcesBuildPhase;
			buildActionMask = 2147483647;
			files = (
				C72B45CB1CFE905F00EC5702 /* ViewController.xib in Resources */,
				C7EC03BD1CFE963E00BDC12E /* test.jpg in Resources */,
				C7EC03BB1CFE946B00BDC12E /* FilterTableViewCell.xib in Resources */,
				C7ADFCF61CFE816100E1CE7E /* LaunchScreen.storyboard in Resources */,
				C7ADFCF31CFE816100E1CE7E /* Assets.xcassets in Resources */,
			);
			runOnlyForDeploymentPostprocessing = 0;
		};
		C7ADFCFA1CFE816100E1CE7E /* Resources */ = {
			isa = PBXResourcesBuildPhase;
			buildActionMask = 2147483647;
			files = (
			);
			runOnlyForDeploymentPostprocessing = 0;
		};
/* End PBXResourcesBuildPhase section */

/* Begin PBXShellScriptBuildPhase section */
		83A7EF46F508DBCCF99DF83D /* Embed Pods Frameworks */ = {
			isa = PBXShellScriptBuildPhase;
			buildActionMask = 2147483647;
			files = (
			);
			inputPaths = (
			);
			name = "Embed Pods Frameworks";
			outputPaths = (
			);
			runOnlyForDeploymentPostprocessing = 0;
			shellPath = /bin/sh;
			shellScript = "\"${SRCROOT}/Pods/Target Support Files/Pods-GPUDemo/Pods-GPUDemo-frameworks.sh\"\n";
			showEnvVarsInLog = 0;
		};
		DA4BB2DCFB6C455D854D12E5 /* Check Pods Manifest.lock */ = {
			isa = PBXShellScriptBuildPhase;
			buildActionMask = 2147483647;
			files = (
			);
			inputPaths = (
			);
			name = "Check Pods Manifest.lock";
			outputPaths = (
			);
			runOnlyForDeploymentPostprocessing = 0;
			shellPath = /bin/sh;
			shellScript = "diff \"${PODS_ROOT}/../Podfile.lock\" \"${PODS_ROOT}/Manifest.lock\" > /dev/null\nif [[ $? != 0 ]] ; then\n    cat << EOM\nerror: The sandbox is not in sync with the Podfile.lock. Run 'pod install' or update your CocoaPods installation.\nEOM\n    exit 1\nfi\n";
			showEnvVarsInLog = 0;
		};
		DCB159200781AE5B04CC600E /* Copy Pods Resources */ = {
			isa = PBXShellScriptBuildPhase;
			buildActionMask = 2147483647;
			files = (
			);
			inputPaths = (
			);
			name = "Copy Pods Resources";
			outputPaths = (
			);
			runOnlyForDeploymentPostprocessing = 0;
			shellPath = /bin/sh;
			shellScript = "\"${SRCROOT}/Pods/Target Support Files/Pods-GPUDemo/Pods-GPUDemo-resources.sh\"\n";
			showEnvVarsInLog = 0;
		};
/* End PBXShellScriptBuildPhase section */

/* Begin PBXSourcesBuildPhase section */
		C7ADFCDF1CFE816100E1CE7E /* Sources */ = {
			isa = PBXSourcesBuildPhase;
			buildActionMask = 2147483647;
			files = (
				C7EC03BA1CFE946B00BDC12E /* FilterTableViewCell.m in Sources */,
				C7EC03AB1CFE932700BDC12E /* AppDelegate.m in Sources */,
				C7EC03AC1CFE932700BDC12E /* ViewController.m in Sources */,
				C7EC03AF1CFE932700BDC12E /* main.m in Sources */,
				C7E43A651D00325F00AE3B51 /* UIView+Tap.m in Sources */,
				C74496491D34E49700AB41E6 /* MewSwift.swift in Sources */,
				C7EC03B91CFE946B00BDC12E /* FilterModel.m in Sources */,
			);
			runOnlyForDeploymentPostprocessing = 0;
		};
		C7ADFCF81CFE816100E1CE7E /* Sources */ = {
			isa = PBXSourcesBuildPhase;
			buildActionMask = 2147483647;
			files = (
				C7ADFD011CFE816100E1CE7E /* GPUDemoTests.m in Sources */,
			);
			runOnlyForDeploymentPostprocessing = 0;
		};
/* End PBXSourcesBuildPhase section */

/* Begin PBXTargetDependency section */
		C7ADFCFE1CFE816100E1CE7E /* PBXTargetDependency */ = {
			isa = PBXTargetDependency;
			target = C7ADFCE21CFE816100E1CE7E /* GPUDemo */;
			targetProxy = C7ADFCFD1CFE816100E1CE7E /* PBXContainerItemProxy */;
		};
/* End PBXTargetDependency section */

/* Begin PBXVariantGroup section */
		C7ADFCF41CFE816100E1CE7E /* LaunchScreen.storyboard */ = {
			isa = PBXVariantGroup;
			children = (
				C7ADFCF51CFE816100E1CE7E /* Base */,
			);
			name = LaunchScreen.storyboard;
			sourceTree = "<group>";
		};
/* End PBXVariantGroup section */

/* Begin XCBuildConfiguration section */
		C7ADFD031CFE816100E1CE7E /* Debug */ = {
			isa = XCBuildConfiguration;
			buildSettings = {
				ALWAYS_SEARCH_USER_PATHS = NO;
				CLANG_ANALYZER_NONNULL = YES;
				CLANG_CXX_LANGUAGE_STANDARD = "gnu++0x";
				CLANG_CXX_LIBRARY = "libc++";
				CLANG_ENABLE_MODULES = YES;
				CLANG_ENABLE_OBJC_ARC = YES;
				CLANG_WARN_BOOL_CONVERSION = YES;
				CLANG_WARN_CONSTANT_CONVERSION = YES;
				CLANG_WARN_DIRECT_OBJC_ISA_USAGE = YES_ERROR;
				CLANG_WARN_EMPTY_BODY = YES;
				CLANG_WARN_ENUM_CONVERSION = YES;
				CLANG_WARN_INT_CONVERSION = YES;
				CLANG_WARN_OBJC_ROOT_CLASS = YES_ERROR;
				CLANG_WARN_UNREACHABLE_CODE = YES;
				CLANG_WARN__DUPLICATE_METHOD_MATCH = YES;
				"CODE_SIGN_IDENTITY[sdk=iphoneos*]" = "iPhone Developer";
				COPY_PHASE_STRIP = NO;
				DEBUG_INFORMATION_FORMAT = dwarf;
				ENABLE_STRICT_OBJC_MSGSEND = YES;
				ENABLE_TESTABILITY = YES;
				GCC_C_LANGUAGE_STANDARD = gnu99;
				GCC_DYNAMIC_NO_PIC = NO;
				GCC_NO_COMMON_BLOCKS = YES;
				GCC_OPTIMIZATION_LEVEL = 0;
				GCC_PREPROCESSOR_DEFINITIONS = (
					"DEBUG=1",
					"$(inherited)",
				);
				GCC_WARN_64_TO_32_BIT_CONVERSION = YES;
				GCC_WARN_ABOUT_RETURN_TYPE = YES_ERROR;
				GCC_WARN_UNDECLARED_SELECTOR = YES;
				GCC_WARN_UNINITIALIZED_AUTOS = YES_AGGRESSIVE;
				GCC_WARN_UNUSED_FUNCTION = YES;
				GCC_WARN_UNUSED_VARIABLE = YES;
				IPHONEOS_DEPLOYMENT_TARGET = 8.1;
				MTL_ENABLE_DEBUG_INFO = YES;
				ONLY_ACTIVE_ARCH = YES;
				SDKROOT = iphoneos;
				TARGETED_DEVICE_FAMILY = "1,2";
			};
			name = Debug;
		};
		C7ADFD041CFE816100E1CE7E /* Release */ = {
			isa = XCBuildConfiguration;
			buildSettings = {
				ALWAYS_SEARCH_USER_PATHS = NO;
				CLANG_ANALYZER_NONNULL = YES;
				CLANG_CXX_LANGUAGE_STANDARD = "gnu++0x";
				CLANG_CXX_LIBRARY = "libc++";
				CLANG_ENABLE_MODULES = YES;
				CLANG_ENABLE_OBJC_ARC = YES;
				CLANG_WARN_BOOL_CONVERSION = YES;
				CLANG_WARN_CONSTANT_CONVERSION = YES;
				CLANG_WARN_DIRECT_OBJC_ISA_USAGE = YES_ERROR;
				CLANG_WARN_EMPTY_BODY = YES;
				CLANG_WARN_ENUM_CONVERSION = YES;
				CLANG_WARN_INT_CONVERSION = YES;
				CLANG_WARN_OBJC_ROOT_CLASS = YES_ERROR;
				CLANG_WARN_UNREACHABLE_CODE = YES;
				CLANG_WARN__DUPLICATE_METHOD_MATCH = YES;
				"CODE_SIGN_IDENTITY[sdk=iphoneos*]" = "iPhone Developer";
				COPY_PHASE_STRIP = NO;
				DEBUG_INFORMATION_FORMAT = "dwarf-with-dsym";
				ENABLE_NS_ASSERTIONS = NO;
				ENABLE_STRICT_OBJC_MSGSEND = YES;
				GCC_C_LANGUAGE_STANDARD = gnu99;
				GCC_NO_COMMON_BLOCKS = YES;
				GCC_WARN_64_TO_32_BIT_CONVERSION = YES;
				GCC_WARN_ABOUT_RETURN_TYPE = YES_ERROR;
				GCC_WARN_UNDECLARED_SELECTOR = YES;
				GCC_WARN_UNINITIALIZED_AUTOS = YES_AGGRESSIVE;
				GCC_WARN_UNUSED_FUNCTION = YES;
				GCC_WARN_UNUSED_VARIABLE = YES;
				IPHONEOS_DEPLOYMENT_TARGET = 8.1;
				MTL_ENABLE_DEBUG_INFO = NO;
				SDKROOT = iphoneos;
				TARGETED_DEVICE_FAMILY = "1,2";
				VALIDATE_PRODUCT = YES;
			};
			name = Release;
		};
		C7ADFD061CFE816100E1CE7E /* Debug */ = {
			isa = XCBuildConfiguration;
			baseConfigurationReference = 70E3AE355D71F7441DD4F560 /* Pods-GPUDemo.debug.xcconfig */;
			buildSettings = {
				ASSETCATALOG_COMPILER_APPICON_NAME = AppIcon;
				CLANG_ENABLE_MODULES = YES;
				CODE_SIGN_IDENTITY = "iPhone Developer: junjie zhang (77RV482ZK2)";
				"CODE_SIGN_IDENTITY[sdk=iphoneos*]" = "iPhone Developer: junjie zhang (77RV482ZK2)";
				INFOPLIST_FILE = GPUDemo/Info.plist;
				IPHONEOS_DEPLOYMENT_TARGET = 8.1;
				LD_RUNPATH_SEARCH_PATHS = "$(inherited) @executable_path/Frameworks";
				PRODUCT_BUNDLE_IDENTIFIER = coo.dxy.dxx.GPUDemo;
				PRODUCT_NAME = "$(TARGET_NAME)";
				PROVISIONING_PROFILE = "845c4e0b-9012-4c78-bedb-ec31fda76b9c";
				"PROVISIONING_PROFILE[sdk=*]" = "845c4e0b-9012-4c78-bedb-ec31fda76b9c";
				SWIFT_OBJC_BRIDGING_HEADER = "GPUDemo/GPUDemo-Bridging-Header.h";
				SWIFT_OPTIMIZATION_LEVEL = "-Onone";
			};
			name = Debug;
		};
		C7ADFD071CFE816100E1CE7E /* Release */ = {
			isa = XCBuildConfiguration;
			baseConfigurationReference = 22E68B5799D60A36491E677D /* Pods-GPUDemo.release.xcconfig */;
			buildSettings = {
				ASSETCATALOG_COMPILER_APPICON_NAME = AppIcon;
				CLANG_ENABLE_MODULES = YES;
				INFOPLIST_FILE = GPUDemo/Info.plist;
				IPHONEOS_DEPLOYMENT_TARGET = 8.1;
				LD_RUNPATH_SEARCH_PATHS = "$(inherited) @executable_path/Frameworks";
				PRODUCT_BUNDLE_IDENTIFIER = coo.dxy.dxx.GPUDemo;
				PRODUCT_NAME = "$(TARGET_NAME)";
				SWIFT_OBJC_BRIDGING_HEADER = "GPUDemo/GPUDemo-Bridging-Header.h";
			};
			name = Release;
		};
		C7ADFD091CFE816100E1CE7E /* Debug */ = {
			isa = XCBuildConfiguration;
			buildSettings = {
				BUNDLE_LOADER = "$(TEST_HOST)";
				INFOPLIST_FILE = GPUDemoTests/Info.plist;
				LD_RUNPATH_SEARCH_PATHS = "$(inherited) @executable_path/Frameworks @loader_path/Frameworks";
				PRODUCT_BUNDLE_IDENTIFIER = coo.dxy.dxx.GPUDemoTests;
				PRODUCT_NAME = "$(TARGET_NAME)";
				TEST_HOST = "$(BUILT_PRODUCTS_DIR)/GPUDemo.app/GPUDemo";
			};
			name = Debug;
		};
		C7ADFD0A1CFE816100E1CE7E /* Release */ = {
			isa = XCBuildConfiguration;
			buildSettings = {
				BUNDLE_LOADER = "$(TEST_HOST)";
				INFOPLIST_FILE = GPUDemoTests/Info.plist;
				LD_RUNPATH_SEARCH_PATHS = "$(inherited) @executable_path/Frameworks @loader_path/Frameworks";
				PRODUCT_BUNDLE_IDENTIFIER = coo.dxy.dxx.GPUDemoTests;
				PRODUCT_NAME = "$(TARGET_NAME)";
				TEST_HOST = "$(BUILT_PRODUCTS_DIR)/GPUDemo.app/GPUDemo";
			};
			name = Release;
		};
/* End XCBuildConfiguration section */

/* Begin XCConfigurationList section */
		C7ADFCDE1CFE816100E1CE7E /* Build configuration list for PBXProject "GPUDemo" */ = {
			isa = XCConfigurationList;
			buildConfigurations = (
				C7ADFD031CFE816100E1CE7E /* Debug */,
				C7ADFD041CFE816100E1CE7E /* Release */,
			);
			defaultConfigurationIsVisible = 0;
			defaultConfigurationName = Release;
		};
		C7ADFD051CFE816100E1CE7E /* Build configuration list for PBXNativeTarget "GPUDemo" */ = {
			isa = XCConfigurationList;
			buildConfigurations = (
				C7ADFD061CFE816100E1CE7E /* Debug */,
				C7ADFD071CFE816100E1CE7E /* Release */,
			);
			defaultConfigurationIsVisible = 0;
			defaultConfigurationName = Release;
		};
		C7ADFD081CFE816100E1CE7E /* Build configuration list for PBXNativeTarget "GPUDemoTests" */ = {
			isa = XCConfigurationList;
			buildConfigurations = (
				C7ADFD091CFE816100E1CE7E /* Debug */,
				C7ADFD0A1CFE816100E1CE7E /* Release */,
			);
			defaultConfigurationIsVisible = 0;
			defaultConfigurationName = Release;
		};
/* End XCConfigurationList section */
	};
	rootObject = C7ADFCDB1CFE816100E1CE7E /* Project object */;
}
