// !$*UTF8*$!
{
	archiveVersion = 1;
	classes = {
	};
	objectVersion = 46;
	objects = {

/* Begin PBXBuildFile section */
		C7ADFCE81CFE816100E1CE7E /* main.m in Sources */ = {isa = PBXBuildFile; fileRef = C7ADFCE71CFE816100E1CE7E /* main.m */; };
		C7ADFCEB1CFE816100E1CE7E /* AppDelegate.m in Sources */ = {isa = PBXBuildFile; fileRef = C7ADFCEA1CFE816100E1CE7E /* AppDelegate.m */; };
		C7ADFCEE1CFE816100E1CE7E /* ViewController.m in Sources */ = {isa = PBXBuildFile; fileRef = C7ADFCED1CFE816100E1CE7E /* ViewController.m */; };
		C7ADFCF11CFE816100E1CE7E /* Main.storyboard in Resources */ = {isa = PBXBuildFile; fileRef = C7ADFCEF1CFE816100E1CE7E /* Main.storyboard */; };
		C7ADFCF31CFE816100E1CE7E /* Assets.xcassets in Resources */ = {isa = PBXBuildFile; fileRef = C7ADFCF21CFE816100E1CE7E /* Assets.xcassets */; };
		C7ADFCF61CFE816100E1CE7E /* LaunchScreen.storyboard in Resources */ = {isa = PBXBuildFile; fileRef = C7ADFCF41CFE816100E1CE7E /* LaunchScreen.storyboard */; };
		C7ADFD011CFE816100E1CE7E /* GPUDemoTests.m in Sources */ = {isa = PBXBuildFile; fileRef = C7ADFD001CFE816100E1CE7E /* GPUDemoTests.m */; };
/* End PBXBuildFile section */

/* Begin PBXContainerItemProxy section */
		C7ADFCFD1CFE816100E1CE7E /* PBXContainerItemProxy */ = {
			isa = PBXContainerItemProxy;
			containerPortal = C7ADFCDB1CFE816100E1CE7E /* Project object */;
			proxyType = 1;
			remoteGlobalIDString = C7ADFCE21CFE816100E1CE7E;
			remoteInfo = GPUDemo;
		};
/* End PBXContainerItemProxy section */

/* Begin PBXFileReference section */
		C7ADFCE31CFE816100E1CE7E /* GPUDemo.app */ = {isa = PBXFileReference; explicitFileType = wrapper.application; includeInIndex = 0; path = GPUDemo.app; sourceTree = BUILT_PRODUCTS_DIR; };
		C7ADFCE71CFE816100E1CE7E /* main.m */ = {isa = PBXFileReference; lastKnownFileType = sourcecode.c.objc; path = main.m; sourceTree = "<group>"; };
		C7ADFCE91CFE816100E1CE7E /* AppDelegate.h */ = {isa = PBXFileReference; lastKnownFileType = sourcecode.c.h; path = AppDelegate.h; sourceTree = "<group>"; };
		C7ADFCEA1CFE816100E1CE7E /* AppDelegate.m */ = {isa = PBXFileReference; lastKnownFileType = sourcecode.c.objc; path = AppDelegate.m; sourceTree = "<group>"; };
		C7ADFCEC1CFE816100E1CE7E /* ViewController.h */ = {isa = PBXFileReference; lastKnownFileType = sourcecode.c.h; path = ViewController.h; sourceTree = "<group>"; };
		C7ADFCED1CFE816100E1CE7E /* ViewController.m */ = {isa = PBXFileReference; lastKnownFileType = sourcecode.c.objc; path = ViewController.m; sourceTree = "<group>"; };
		C7ADFCF01CFE816100E1CE7E /* Base */ = {isa = PBXFileReference; lastKnownFileType = file.storyboard; name = Base; path = Base.lproj/Main.storyboard; sourceTree = "<group>"; };
		C7ADFCF21CFE816100E1CE7E /* Assets.xcassets */ = {isa = PBXFileReference; lastKnownFileType = folder.assetcatalog; path = Assets.xcassets; sourceTree = "<group>"; };
		C7ADFCF51CFE816100E1CE7E /* Base */ = {isa = PBXFileReference; lastKnownFileType = file.storyboard; name = Base; path = Base.lproj/LaunchScreen.storyboard; sourceTree = "<group>"; };
		C7ADFCF71CFE816100E1CE7E /* Info.plist */ = {isa = PBXFileReference; lastKnownFileType = text.plist.xml; path = Info.plist; sourceTree = "<group>"; };
		C7ADFCFC1CFE816100E1CE7E /* GPUDemoTests.xctest */ = {isa = PBXFileReference; explicitFileType = wrapper.cfbundle; includeInIndex = 0; path = GPUDemoTests.xctest; sourceTree = BUILT_PRODUCTS_DIR; };
		C7ADFD001CFE816100E1CE7E /* GPUDemoTests.m */ = {isa = PBXFileReference; lastKnownFileType = sourcecode.c.objc; path = GPUDemoTests.m; sourceTree = "<group>"; };
		C7ADFD021CFE816100E1CE7E /* Info.plist */ = {isa = PBXFileReference; lastKnownFileType = text.plist.xml; path = Info.plist; sourceTree = "<group>"; };
/* End PBXFileReference section */

/* Begin PBXFrameworksBuildPhase section */
		C7ADFCE01CFE816100E1CE7E /* Frameworks */ = {
			isa = PBXFrameworksBuildPhase;
			buildActionMask = 2147483647;
			files = (
			);
			runOnlyForDeploymentPostprocessing = 0;
		};
		C7ADFCF91CFE816100E1CE7E /* Frameworks */ = {
			isa = PBXFrameworksBuildPhase;
			buildActionMask = 2147483647;
			files = (
			);
			runOnlyForDeploymentPostprocessing = 0;
		};
/* End PBXFrameworksBuildPhase section */

/* Begin PBXGroup section */
		C7ADFCDA1CFE816100E1CE7E = {
			isa = PBXGroup;
			children = (
				C7ADFCE51CFE816100E1CE7E /* GPUDemo */,
				C7ADFCFF1CFE816100E1CE7E /* GPUDemoTests */,
				C7ADFCE41CFE816100E1CE7E /* Products */,
			);
			sourceTree = "<group>";
		};
		C7ADFCE41CFE816100E1CE7E /* Products */ = {
			isa = PBXGroup;
			children = (
				C7ADFCE31CFE816100E1CE7E /* GPUDemo.app */,
				C7ADFCFC1CFE816100E1CE7E /* GPUDemoTests.xctest */,
			);
			name = Products;
			sourceTree = "<group>";
		};
		C7ADFCE51CFE816100E1CE7E /* GPUDemo */ = {
			isa = PBXGroup;
			children = (
				C7ADFCE91CFE816100E1CE7E /* AppDelegate.h */,
				C7ADFCEA1CFE816100E1CE7E /* AppDelegate.m */,
				C7ADFCEC1CFE816100E1CE7E /* ViewController.h */,
				C7ADFCED1CFE816100E1CE7E /* ViewController.m */,
				C7ADFCEF1CFE816100E1CE7E /* Main.storyboard */,
				C7ADFCF21CFE816100E1CE7E /* Assets.xcassets */,
				C7ADFCF41CFE816100E1CE7E /* LaunchScreen.storyboard */,
				C7ADFCF71CFE816100E1CE7E /* Info.plist */,
				C7ADFCE61CFE816100E1CE7E /* Supporting Files */,
			);
			path = GPUDemo;
			sourceTree = "<group>";
		};
		C7ADFCE61CFE816100E1CE7E /* Supporting Files */ = {
			isa = PBXGroup;
			children = (
				C7ADFCE71CFE816100E1CE7E /* main.m */,
			);
			name = "Supporting Files";
			sourceTree = "<group>";
		};
		C7ADFCFF1CFE816100E1CE7E /* GPUDemoTests */ = {
			isa = PBXGroup;
			children = (
				C7ADFD001CFE816100E1CE7E /* GPUDemoTests.m */,
				C7ADFD021CFE816100E1CE7E /* Info.plist */,
			);
			path = GPUDemoTests;
			sourceTree = "<group>";
		};
/* End PBXGroup section */

/* Begin PBXNativeTarget section */
		C7ADFCE21CFE816100E1CE7E /* GPUDemo */ = {
			isa = PBXNativeTarget;
			buildConfigurationList = C7ADFD051CFE816100E1CE7E /* Build configuration list for PBXNativeTarget "GPUDemo" */;
			buildPhases = (
				C7ADFCDF1CFE816100E1CE7E /* Sources */,
				C7ADFCE01CFE816100E1CE7E /* Frameworks */,
				C7ADFCE11CFE816100E1CE7E /* Resources */,
			);
			buildRules = (
			);
			dependencies = (
			);
			name = GPUDemo;
			productName = GPUDemo;
			productReference = C7ADFCE31CFE816100E1CE7E /* GPUDemo.app */;
			productType = "com.apple.product-type.application";
		};
		C7ADFCFB1CFE816100E1CE7E /* GPUDemoTests */ = {
			isa = PBXNativeTarget;
			buildConfigurationList = C7ADFD081CFE816100E1CE7E /* Build configuration list for PBXNativeTarget "GPUDemoTests" */;
			buildPhases = (
				C7ADFCF81CFE816100E1CE7E /* Sources */,
				C7ADFCF91CFE816100E1CE7E /* Frameworks */,
				C7ADFCFA1CFE816100E1CE7E /* Resources */,
			);
			buildRules = (
			);
			dependencies = (
				C7ADFCFE1CFE816100E1CE7E /* PBXTargetDependency */,
			);
			name = GPUDemoTests;
			productName = GPUDemoTests;
			productReference = C7ADFCFC1CFE816100E1CE7E /* GPUDemoTests.xctest */;
			productType = "com.apple.product-type.bundle.unit-test";
		};
/* End PBXNativeTarget section */

/* Begin PBXProject section */
		C7ADFCDB1CFE816100E1CE7E /* Project object */ = {
			isa = PBXProject;
			attributes = {
				LastUpgradeCheck = 0730;
				ORGANIZATIONNAME = Darcy;
				TargetAttributes = {
					C7ADFCE21CFE816100E1CE7E = {
						CreatedOnToolsVersion = 7.3;
					};
					C7ADFCFB1CFE816100E1CE7E = {
						CreatedOnToolsVersion = 7.3;
						TestTargetID = C7ADFCE21CFE816100E1CE7E;
					};
				};
			};
			buildConfigurationList = C7ADFCDE1CFE816100E1CE7E /* Build configuration list for PBXProject "GPUDemo" */;
			compatibilityVersion = "Xcode 3.2";
			developmentRegion = English;
			hasScannedForEncodings = 0;
			knownRegions = (
				en,
				Base,
			);
			mainGroup = C7ADFCDA1CFE816100E1CE7E;
			productRefGroup = C7ADFCE41CFE816100E1CE7E /* Products */;
			projectDirPath = "";
			projectRoot = "";
			targets = (
				C7ADFCE21CFE816100E1CE7E /* GPUDemo */,
				C7ADFCFB1CFE816100E1CE7E /* GPUDemoTests */,
			);
		};
/* End PBXProject section */

/* Begin PBXResourcesBuildPhase section */
		C7ADFCE11CFE816100E1CE7E /* Resources */ = {
			isa = PBXResourcesBuildPhase;
			buildActionMask = 2147483647;
			files = (
				C7ADFCF61CFE816100E1CE7E /* LaunchScreen.storyboard in Resources */,
				C7ADFCF31CFE816100E1CE7E /* Assets.xcassets in Resources */,
				C7ADFCF11CFE816100E1CE7E /* Main.storyboard in Resources */,
			);
			runOnlyForDeploymentPostprocessing = 0;
		};
		C7ADFCFA1CFE816100E1CE7E /* Resources */ = {
			isa = PBXResourcesBuildPhase;
			buildActionMask = 2147483647;
			files = (
			);
			runOnlyForDeploymentPostprocessing = 0;
		};
/* End PBXResourcesBuildPhase section */

/* Begin PBXSourcesBuildPhase section */
		C7ADFCDF1CFE816100E1CE7E /* Sources */ = {
			isa = PBXSourcesBuildPhase;
			buildActionMask = 2147483647;
			files = (
				C7ADFCEE1CFE816100E1CE7E /* ViewController.m in Sources */,
				C7ADFCEB1CFE816100E1CE7E /* AppDelegate.m in Sources */,
				C7ADFCE81CFE816100E1CE7E /* main.m in Sources */,
			);
			runOnlyForDeploymentPostprocessing = 0;
		};
		C7ADFCF81CFE816100E1CE7E /* Sources */ = {
			isa = PBXSourcesBuildPhase;
			buildActionMask = 2147483647;
			files = (
				C7ADFD011CFE816100E1CE7E /* GPUDemoTests.m in Sources */,
			);
			runOnlyForDeploymentPostprocessing = 0;
		};
/* End PBXSourcesBuildPhase section */

/* Begin PBXTargetDependency section */
		C7ADFCFE1CFE816100E1CE7E /* PBXTargetDependency */ = {
			isa = PBXTargetDependency;
			target = C7ADFCE21CFE816100E1CE7E /* GPUDemo */;
			targetProxy = C7ADFCFD1CFE816100E1CE7E /* PBXContainerItemProxy */;
		};
/* End PBXTargetDependency section */

/* Begin PBXVariantGroup section */
		C7ADFCEF1CFE816100E1CE7E /* Main.storyboard */ = {
			isa = PBXVariantGroup;
			children = (
				C7ADFCF01CFE816100E1CE7E /* Base */,
			);
			name = Main.storyboard;
			sourceTree = "<group>";
		};
		C7ADFCF41CFE816100E1CE7E /* LaunchScreen.storyboard */ = {
			isa = PBXVariantGroup;
			children = (
				C7ADFCF51CFE816100E1CE7E /* Base */,
			);
			name = LaunchScreen.storyboard;
			sourceTree = "<group>";
		};
/* End PBXVariantGroup section */

/* Begin XCBuildConfiguration section */
		C7ADFD031CFE816100E1CE7E /* Debug */ = {
			isa = XCBuildConfiguration;
			buildSettings = {
				ALWAYS_SEARCH_USER_PATHS = NO;
				CLANG_ANALYZER_NONNULL = YES;
				CLANG_CXX_LANGUAGE_STANDARD = "gnu++0x";
				CLANG_CXX_LIBRARY = "libc++";
				CLANG_ENABLE_MODULES = YES;
				CLANG_ENABLE_OBJC_ARC = YES;
				CLANG_WARN_BOOL_CONVERSION = YES;
				CLANG_WARN_CONSTANT_CONVERSION = YES;
				CLANG_WARN_DIRECT_OBJC_ISA_USAGE = YES_ERROR;
				CLANG_WARN_EMPTY_BODY = YES;
				CLANG_WARN_ENUM_CONVERSION = YES;
				CLANG_WARN_INT_CONVERSION = YES;
				CLANG_WARN_OBJC_ROOT_CLASS = YES_ERROR;
				CLANG_WARN_UNREACHABLE_CODE = YES;
				CLANG_WARN__DUPLICATE_METHOD_MATCH = YES;
				"CODE_SIGN_IDENTITY[sdk=iphoneos*]" = "iPhone Developer";
				COPY_PHASE_STRIP = NO;
				DEBUG_INFORMATION_FORMAT = dwarf;
				ENABLE_STRICT_OBJC_MSGSEND = YES;
				ENABLE_TESTABILITY = YES;
				GCC_C_LANGUAGE_STANDARD = gnu99;
				GCC_DYNAMIC_NO_PIC = NO;
				GCC_NO_COMMON_BLOCKS = YES;
				GCC_OPTIMIZATION_LEVEL = 0;
				GCC_PREPROCESSOR_DEFINITIONS = (
					"DEBUG=1",
					"$(inherited)",
				);
				GCC_WARN_64_TO_32_BIT_CONVERSION = YES;
				GCC_WARN_ABOUT_RETURN_TYPE = YES_ERROR;
				GCC_WARN_UNDECLARED_SELECTOR = YES;
				GCC_WARN_UNINITIALIZED_AUTOS = YES_AGGRESSIVE;
				GCC_WARN_UNUSED_FUNCTION = YES;
				GCC_WARN_UNUSED_VARIABLE = YES;
				IPHONEOS_DEPLOYMENT_TARGET = 9.3;
				MTL_ENABLE_DEBUG_INFO = YES;
				ONLY_ACTIVE_ARCH = YES;
				SDKROOT = iphoneos;
				TARGETED_DEVICE_FAMILY = "1,2";
			};
			name = Debug;
		};
		C7ADFD041CFE816100E1CE7E /* Release */ = {
			isa = XCBuildConfiguration;
			buildSettings = {
				ALWAYS_SEARCH_USER_PATHS = NO;
				CLANG_ANALYZER_NONNULL = YES;
				CLANG_CXX_LANGUAGE_STANDARD = "gnu++0x";
				CLANG_CXX_LIBRARY = "libc++";
				CLANG_ENABLE_MODULES = YES;
				CLANG_ENABLE_OBJC_ARC = YES;
				CLANG_WARN_BOOL_CONVERSION = YES;
				CLANG_WARN_CONSTANT_CONVERSION = YES;
				CLANG_WARN_DIRECT_OBJC_ISA_USAGE = YES_ERROR;
				CLANG_WARN_EMPTY_BODY = YES;
				CLANG_WARN_ENUM_CONVERSION = YES;
				CLANG_WARN_INT_CONVERSION = YES;
				CLANG_WARN_OBJC_ROOT_CLASS = YES_ERROR;
				CLANG_WARN_UNREACHABLE_CODE = YES;
				CLANG_WARN__DUPLICATE_METHOD_MATCH = YES;
				"CODE_SIGN_IDENTITY[sdk=iphoneos*]" = "iPhone Developer";
				COPY_PHASE_STRIP = NO;
				DEBUG_INFORMATION_FORMAT = "dwarf-with-dsym";
				ENABLE_NS_ASSERTIONS = NO;
				ENABLE_STRICT_OBJC_MSGSEND = YES;
				GCC_C_LANGUAGE_STANDARD = gnu99;
				GCC_NO_COMMON_BLOCKS = YES;
				GCC_WARN_64_TO_32_BIT_CONVERSION = YES;
				GCC_WARN_ABOUT_RETURN_TYPE = YES_ERROR;
				GCC_WARN_UNDECLARED_SELECTOR = YES;
				GCC_WARN_UNINITIALIZED_AUTOS = YES_AGGRESSIVE;
				GCC_WARN_UNUSED_FUNCTION = YES;
				GCC_WARN_UNUSED_VARIABLE = YES;
				IPHONEOS_DEPLOYMENT_TARGET = 9.3;
				MTL_ENABLE_DEBUG_INFO = NO;
				SDKROOT = iphoneos;
				TARGETED_DEVICE_FAMILY = "1,2";
				VALIDATE_PRODUCT = YES;
			};
			name = Release;
		};
		C7ADFD061CFE816100E1CE7E /* Debug */ = {
			isa = XCBuildConfiguration;
			buildSettings = {
				ASSETCATALOG_COMPILER_APPICON_NAME = AppIcon;
				INFOPLIST_FILE = GPUDemo/Info.plist;
				LD_RUNPATH_SEARCH_PATHS = "$(inherited) @executable_path/Frameworks";
				PRODUCT_BUNDLE_IDENTIFIER = coo.dxy.dxx.GPUDemo;
				PRODUCT_NAME = "$(TARGET_NAME)";
			};
			name = Debug;
		};
		C7ADFD071CFE816100E1CE7E /* Release */ = {
			isa = XCBuildConfiguration;
			buildSettings = {
				ASSETCATALOG_COMPILER_APPICON_NAME = AppIcon;
				INFOPLIST_FILE = GPUDemo/Info.plist;
				LD_RUNPATH_SEARCH_PATHS = "$(inherited) @executable_path/Frameworks";
				PRODUCT_BUNDLE_IDENTIFIER = coo.dxy.dxx.GPUDemo;
				PRODUCT_NAME = "$(TARGET_NAME)";
			};
			name = Release;
		};
		C7ADFD091CFE816100E1CE7E /* Debug */ = {
			isa = XCBuildConfiguration;
			buildSettings = {
				BUNDLE_LOADER = "$(TEST_HOST)";
				INFOPLIST_FILE = GPUDemoTests/Info.plist;
				LD_RUNPATH_SEARCH_PATHS = "$(inherited) @executable_path/Frameworks @loader_path/Frameworks";
				PRODUCT_BUNDLE_IDENTIFIER = coo.dxy.dxx.GPUDemoTests;
				PRODUCT_NAME = "$(TARGET_NAME)";
				TEST_HOST = "$(BUILT_PRODUCTS_DIR)/GPUDemo.app/GPUDemo";
			};
			name = Debug;
		};
		C7ADFD0A1CFE816100E1CE7E /* Release */ = {
			isa = XCBuildConfiguration;
			buildSettings = {
				BUNDLE_LOADER = "$(TEST_HOST)";
				INFOPLIST_FILE = GPUDemoTests/Info.plist;
				LD_RUNPATH_SEARCH_PATHS = "$(inherited) @executable_path/Frameworks @loader_path/Frameworks";
				PRODUCT_BUNDLE_IDENTIFIER = coo.dxy.dxx.GPUDemoTests;
				PRODUCT_NAME = "$(TARGET_NAME)";
				TEST_HOST = "$(BUILT_PRODUCTS_DIR)/GPUDemo.app/GPUDemo";
			};
			name = Release;
		};
/* End XCBuildConfiguration section */

/* Begin XCConfigurationList section */
		C7ADFCDE1CFE816100E1CE7E /* Build configuration list for PBXProject "GPUDemo" */ = {
			isa = XCConfigurationList;
			buildConfigurations = (
				C7ADFD031CFE816100E1CE7E /* Debug */,
				C7ADFD041CFE816100E1CE7E /* Release */,
			);
			defaultConfigurationIsVisible = 0;
			defaultConfigurationName = Release;
		};
		C7ADFD051CFE816100E1CE7E /* Build configuration list for PBXNativeTarget "GPUDemo" */ = {
			isa = XCConfigurationList;
			buildConfigurations = (
				C7ADFD061CFE816100E1CE7E /* Debug */,
				C7ADFD071CFE816100E1CE7E /* Release */,
			);
			defaultConfigurationIsVisible = 0;
		};
		C7ADFD081CFE816100E1CE7E /* Build configuration list for PBXNativeTarget "GPUDemoTests" */ = {
			isa = XCConfigurationList;
			buildConfigurations = (
				C7ADFD091CFE816100E1CE7E /* Debug */,
				C7ADFD0A1CFE816100E1CE7E /* Release */,
			);
			defaultConfigurationIsVisible = 0;
		};
/* End XCConfigurationList section */
	};
	rootObject = C7ADFCDB1CFE816100E1CE7E /* Project object */;
}
